
Microsoft Visual Studio Solution File, Format Version 12.00
# Visual Studio 15
VisualStudioVersion = 15.0.27004.2002
MinimumVisualStudioVersion = 10.0.40219.1
Project("{2150E333-8FDC-42A3-9474-1A3956D46DE8}") = "src", "src", "{2EC1DEC4-46D5-4A50-B6D4-A031FFC1D1F5}"
EndProject
Project("{2150E333-8FDC-42A3-9474-1A3956D46DE8}") = "test", "test", "{CAA9FEEA-7A2A-41FB-9423-DDFC633830ED}"
EndProject
Project("{9A19103F-16F7-4668-BE54-9A1E7A4F7556}") = "QRest.AspNetCore", "src\QRest.AspNetCore\QRest.AspNetCore.csproj", "{B1F307E4-905C-44F3-ADCD-4D2C85645C48}"
EndProject
Project("{9A19103F-16F7-4668-BE54-9A1E7A4F7556}") = "QRest.Core", "src\QRest.Core\QRest.Core.csproj", "{CD8B758A-D241-4870-AAEA-C2467C8300ED}"
EndProject
Project("{9A19103F-16F7-4668-BE54-9A1E7A4F7556}") = "QRest.Semantics.QRest.Tests", "test\QRest.Semantics.QRest.Tests\QRest.Semantics.QRest.Tests.csproj", "{DECB973D-1BBD-41FF-AA58-BEF3F760AB6E}"
EndProject
Project("{2150E333-8FDC-42A3-9474-1A3956D46DE8}") = "samples", "samples", "{7D715283-67A8-43E2-938E-6CB12ACD30F8}"
EndProject
Project("{9A19103F-16F7-4668-BE54-9A1E7A4F7556}") = "TestWebApp", "samples\TestWebApp\TestWebApp.csproj", "{284FC041-7F0D-4F0C-8F49-71A52E92E46D}"
EndProject
Project("{2150E333-8FDC-42A3-9474-1A3956D46DE8}") = ".solution", ".solution", "{68EFFEF7-800B-4592-BE7B-9D9568083814}"
	ProjectSection(SolutionItems) = preProject
		.gitignore = .gitignore
	EndProjectSection
EndProject
Project("{9A19103F-16F7-4668-BE54-9A1E7A4F7556}") = "QRest.Semantics.OData", "src\QRest.Semantics.OData\QRest.Semantics.OData.csproj", "{F6B5672A-F0E1-4D0D-9E5C-31CB4F50DC90}"
EndProject
Project("{9A19103F-16F7-4668-BE54-9A1E7A4F7556}") = "QRest.Semantics.OData.Tests", "test\QRest.Semantics.OData.Tests\QRest.Semantics.OData.Tests.csproj", "{12DB82BA-C9AE-43DC-8181-9A33F4FAC55F}"
EndProject
Project("{2150E333-8FDC-42A3-9474-1A3956D46DE8}") = "docs", "docs", "{F592F579-DB0F-4E74-B79D-D921DEDBE4B2}"
	ProjectSection(SolutionItems) = preProject
		LICENSE = LICENSE
		README.md = README.md
	EndProjectSection
EndProject
Project("{2150E333-8FDC-42A3-9474-1A3956D46DE8}") = "build", "build", "{3D211EBB-5B03-4FDF-B7BA-E1B36958F523}"
	ProjectSection(SolutionItems) = preProject
		.travis.yml = .travis.yml
		after.QRest.sln.targets = after.QRest.sln.targets
		Directory.Build.props = Directory.Build.props
		Directory.build.targets = Directory.build.targets
	EndProjectSection
EndProject
Project("{9A19103F-16F7-4668-BE54-9A1E7A4F7556}") = "QRest.Compiler.Standard.Tests", "test\QRest.Compiler.Standard.Tests\QRest.Compiler.Standard.Tests.csproj", "{DA987B08-765B-46E2-ADB7-6D739B95A4F0}"
EndProject
Project("{9A19103F-16F7-4668-BE54-9A1E7A4F7556}") = "QRest.AspNetCore.OData.Tests", "test\QRest.AspNetCore.OData.Tests\QRest.AspNetCore.OData.Tests.csproj", "{766A94A2-5A5C-45B9-94C9-A5B06338CEE8}"
EndProject
Global
	GlobalSection(SolutionConfigurationPlatforms) = preSolution
		Debug|Any CPU = Debug|Any CPU
		Release|Any CPU = Release|Any CPU
	EndGlobalSection
	GlobalSection(ProjectConfigurationPlatforms) = postSolution
		{B1F307E4-905C-44F3-ADCD-4D2C85645C48}.Debug|Any CPU.ActiveCfg = Debug|Any CPU
		{B1F307E4-905C-44F3-ADCD-4D2C85645C48}.Debug|Any CPU.Build.0 = Debug|Any CPU
		{B1F307E4-905C-44F3-ADCD-4D2C85645C48}.Release|Any CPU.ActiveCfg = Release|Any CPU
		{B1F307E4-905C-44F3-ADCD-4D2C85645C48}.Release|Any CPU.Build.0 = Release|Any CPU
		{CD8B758A-D241-4870-AAEA-C2467C8300ED}.Debug|Any CPU.ActiveCfg = Debug|Any CPU
		{CD8B758A-D241-4870-AAEA-C2467C8300ED}.Debug|Any CPU.Build.0 = Debug|Any CPU
		{CD8B758A-D241-4870-AAEA-C2467C8300ED}.Release|Any CPU.ActiveCfg = Release|Any CPU
		{CD8B758A-D241-4870-AAEA-C2467C8300ED}.Release|Any CPU.Build.0 = Release|Any CPU
		{DECB973D-1BBD-41FF-AA58-BEF3F760AB6E}.Debug|Any CPU.ActiveCfg = Debug|Any CPU
		{DECB973D-1BBD-41FF-AA58-BEF3F760AB6E}.Debug|Any CPU.Build.0 = Debug|Any CPU
		{DECB973D-1BBD-41FF-AA58-BEF3F760AB6E}.Release|Any CPU.ActiveCfg = Release|Any CPU
		{DECB973D-1BBD-41FF-AA58-BEF3F760AB6E}.Release|Any CPU.Build.0 = Release|Any CPU
		{284FC041-7F0D-4F0C-8F49-71A52E92E46D}.Debug|Any CPU.ActiveCfg = Debug|Any CPU
		{284FC041-7F0D-4F0C-8F49-71A52E92E46D}.Debug|Any CPU.Build.0 = Debug|Any CPU
		{284FC041-7F0D-4F0C-8F49-71A52E92E46D}.Release|Any CPU.ActiveCfg = Release|Any CPU
		{284FC041-7F0D-4F0C-8F49-71A52E92E46D}.Release|Any CPU.Build.0 = Release|Any CPU
		{F6B5672A-F0E1-4D0D-9E5C-31CB4F50DC90}.Debug|Any CPU.ActiveCfg = Debug|Any CPU
		{F6B5672A-F0E1-4D0D-9E5C-31CB4F50DC90}.Debug|Any CPU.Build.0 = Debug|Any CPU
		{F6B5672A-F0E1-4D0D-9E5C-31CB4F50DC90}.Release|Any CPU.ActiveCfg = Release|Any CPU
		{F6B5672A-F0E1-4D0D-9E5C-31CB4F50DC90}.Release|Any CPU.Build.0 = Release|Any CPU
		{12DB82BA-C9AE-43DC-8181-9A33F4FAC55F}.Debug|Any CPU.ActiveCfg = Debug|Any CPU
		{12DB82BA-C9AE-43DC-8181-9A33F4FAC55F}.Debug|Any CPU.Build.0 = Debug|Any CPU
		{12DB82BA-C9AE-43DC-8181-9A33F4FAC55F}.Release|Any CPU.ActiveCfg = Release|Any CPU
		{12DB82BA-C9AE-43DC-8181-9A33F4FAC55F}.Release|Any CPU.Build.0 = Release|Any CPU
		{DA987B08-765B-46E2-ADB7-6D739B95A4F0}.Debug|Any CPU.ActiveCfg = Debug|Any CPU
		{DA987B08-765B-46E2-ADB7-6D739B95A4F0}.Debug|Any CPU.Build.0 = Debug|Any CPU
		{DA987B08-765B-46E2-ADB7-6D739B95A4F0}.Release|Any CPU.ActiveCfg = Release|Any CPU
		{DA987B08-765B-46E2-ADB7-6D739B95A4F0}.Release|Any CPU.Build.0 = Release|Any CPU
		{766A94A2-5A5C-45B9-94C9-A5B06338CEE8}.Debug|Any CPU.ActiveCfg = Debug|Any CPU
		{766A94A2-5A5C-45B9-94C9-A5B06338CEE8}.Debug|Any CPU.Build.0 = Debug|Any CPU
		{766A94A2-5A5C-45B9-94C9-A5B06338CEE8}.Release|Any CPU.ActiveCfg = Release|Any CPU
		{766A94A2-5A5C-45B9-94C9-A5B06338CEE8}.Release|Any CPU.Build.0 = Release|Any CPU
	EndGlobalSection
	GlobalSection(SolutionProperties) = preSolution
		HideSolutionNode = FALSE
	EndGlobalSection
	GlobalSection(NestedProjects) = preSolution
		{B1F307E4-905C-44F3-ADCD-4D2C85645C48} = {2EC1DEC4-46D5-4A50-B6D4-A031FFC1D1F5}
		{CD8B758A-D241-4870-AAEA-C2467C8300ED} = {2EC1DEC4-46D5-4A50-B6D4-A031FFC1D1F5}
		{DECB973D-1BBD-41FF-AA58-BEF3F760AB6E} = {CAA9FEEA-7A2A-41FB-9423-DDFC633830ED}
		{284FC041-7F0D-4F0C-8F49-71A52E92E46D} = {7D715283-67A8-43E2-938E-6CB12ACD30F8}
		{F6B5672A-F0E1-4D0D-9E5C-31CB4F50DC90} = {2EC1DEC4-46D5-4A50-B6D4-A031FFC1D1F5}
		{12DB82BA-C9AE-43DC-8181-9A33F4FAC55F} = {CAA9FEEA-7A2A-41FB-9423-DDFC633830ED}
		{F592F579-DB0F-4E74-B79D-D921DEDBE4B2} = {68EFFEF7-800B-4592-BE7B-9D9568083814}
		{3D211EBB-5B03-4FDF-B7BA-E1B36958F523} = {68EFFEF7-800B-4592-BE7B-9D9568083814}
		{DA987B08-765B-46E2-ADB7-6D739B95A4F0} = {CAA9FEEA-7A2A-41FB-9423-DDFC633830ED}
		{766A94A2-5A5C-45B9-94C9-A5B06338CEE8} = {CAA9FEEA-7A2A-41FB-9423-DDFC633830ED}
	EndGlobalSection
	GlobalSection(ExtensibilityGlobals) = postSolution
		SolutionGuid = {395047F8-3C58-47EF-81DB-C2ECE9E04D96}
	EndGlobalSection
EndGlobal
